
Microsoft Visual Studio Solution File, Format Version 12.00
# Visual Studio 15
VisualStudioVersion = 15.0.28307.1758
MinimumVisualStudioVersion = 10.0.40219.1
Project("{8BC9CEB8-8B4A-11D0-8D11-00A0C91BC942}") = "ch5", "ch5\ch5.vcxproj", "{ABF14197-6307-40EF-B654-6BD0FBAAF16F}"
EndProject
Global
	GlobalSection(SolutionConfigurationPlatforms) = preSolution
		Debug|x64 = Debug|x64
		Debug|x86 = Debug|x86
		Release|x64 = Release|x64
		Release|x86 = Release|x86
	EndGlobalSection
	GlobalSection(ProjectConfigurationPlatforms) = postSolution
		{ABF14197-6307-40EF-B654-6BD0FBAAF16F}.Debug|x64.ActiveCfg = Debug|x64
		{ABF14197-6307-40EF-B654-6BD0FBAAF16F}.Debug|x64.Build.0 = Debug|x64
		{ABF14197-6307-40EF-B654-6BD0FBAAF16F}.Debug|x86.ActiveCfg = Debug|Win32
		{ABF14197-6307-40EF-B654-6BD0FBAAF16F}.Debug|x86.Build.0 = Debug|Win32
		{ABF14197-6307-40EF-B654-6BD0FBAAF16F}.Release|x64.ActiveCfg = Release|x64
		{ABF14197-6307-40EF-B654-6BD0FBAAF16F}.Release|x64.Build.0 = Release|x64
		{ABF14197-6307-40EF-B654-6BD0FBAAF16F}.Release|x86.ActiveCfg = Release|Win32
		{ABF14197-6307-40EF-B654-6BD0FBAAF16F}.Release|x86.Build.0 = Release|Win32
	EndGlobalSection
	GlobalSection(SolutionProperties) = preSolution
		HideSolutionNode = FALSE
	EndGlobalSection
	GlobalSection(ExtensibilityGlobals) = postSolution
		SolutionGuid = {213D3037-5CFD-46FD-B3A5-F73120484CA7}
	EndGlobalSection
EndGlobal
